# This file was autogenerated by uv via the following command:
#    uv pip compile pyproject.toml --extra voice --extra dev --extra build --python-version 3.12 --python-platform windows --constraint requirements-win.lock --output-file requirements-win-build.lock
altgraph==0.17.5
    # via pyinstaller
audioread==3.1.0
    # via
    #   -c requirements-win.lock
    #   librosa
certifi==2026.7.22
    # via
    #   -c requirements-win.lock
    #   requests
cffi==2.1.1
    # via
    #   -c requirements-win.lock
    #   cryptography
    #   silk-python
    #   soundfile
charset-normalizer==3.5.1
    # via
    #   -c requirements-win.lock
    #   requests
cloudpickle==3.1.2
    # via
    #   -c requirements-win.lock
    #   joblib
colorama==0.4.6
    # via
    #   -c requirements-win.lock
    #   pytest
    #   tqdm
    #   wechatauto-replica
comtypes==1.4.16
    # via
    #   -c requirements-win.lock
    #   uiautomation
cryptography==50.0.1
    # via
    #   -c requirements-win.lock
    #   modelscope-hub
    #   wechatauto-replica
decorator==5.3.1
    # via
    #   -c requirements-win.lock
    #   librosa
filelock==3.32.5
    # via
    #   -c requirements-win.lock
    #   modelscope
    #   modelscope-hub
flatbuffers==25.12.19
    # via
    #   -c requirements-win.lock
    #   onnxruntime
funasr-onnx==0.4.2
    # via
    #   -c requirements-win.lock
    #   wechat-local-archive (pyproject.toml)
hatchling==1.32.0
    # via
    #   -c requirements-win.lock
    #   wechat-local-archive (pyproject.toml)
idna==3.19
    # via
    #   -c requirements-win.lock
    #   requests
imageio-ffmpeg==0.6.0
    # via
    #   -c requirements-win.lock
    #   wechatauto-replica
iniconfig==2.3.0
    # via
    #   -c requirements-win.lock
    #   pytest
jieba==0.42.1
    # via
    #   -c requirements-win.lock
    #   funasr-onnx
joblib==1.6.0
    # via
    #   -c requirements-win.lock
    #   librosa
    #   scikit-learn
kaldi-native-fbank==1.22.3
    # via
    #   -c requirements-win.lock
    #   funasr-onnx
lazy-loader==0.5
    # via
    #   -c requirements-win.lock
    #   librosa
librosa==0.11.0
    # via
    #   -c requirements-win.lock
    #   funasr-onnx
llvmlite==0.49.0
    # via
    #   -c requirements-win.lock
    #   numba
modelscope==1.39.1
    # via
    #   -c requirements-win.lock
    #   wechat-local-archive (pyproject.toml)
modelscope-hub==0.4.0
    # via
    #   -c requirements-win.lock
    #   modelscope
mouseinfo==0.1.3
    # via
    #   -c requirements-win.lock
    #   pyautogui
msgpack==1.2.2
    # via
    #   -c requirements-win.lock
    #   librosa
narwhals==2.25.0
    # via
    #   -c requirements-win.lock
    #   scikit-learn
numba==0.67.0
    # via
    #   -c requirements-win.lock
    #   librosa
numpy==1.26.4
    # via
    #   -c requirements-win.lock
    #   funasr-onnx
    #   librosa
    #   numba
    #   onnxruntime
    #   opencv-python
    #   scikit-learn
    #   scipy
    #   soundfile
    #   soxr
onnxruntime==1.29.0
    # via
    #   -c requirements-win.lock
    #   funasr-onnx
opencv-python==4.11.0.86
    # via
    #   -c requirements-win.lock
    #   wechatauto-replica
packaging==26.3
    # via
    #   -c requirements-win.lock
    #   hatchling
    #   lazy-loader
    #   modelscope
    #   onnxruntime
    #   pooch
    #   pyinstaller
    #   pyinstaller-hooks-contrib
    #   pytest
pathspec==1.1.1
    # via
    #   -c requirements-win.lock
    #   hatchling
pefile==2023.2.7
    # via pyinstaller
pillow==12.3.0
    # via
    #   -c requirements-win.lock
    #   wechatauto-replica
platformdirs==4.11.7
    # via
    #   -c requirements-win.lock
    #   pooch
pluggy==1.6.0
    # via
    #   -c requirements-win.lock
    #   hatchling
    #   pytest
pooch==1.9.0
    # via
    #   -c requirements-win.lock
    #   librosa
protobuf==7.36.1
    # via
    #   -c requirements-win.lock
    #   onnxruntime
psutil==7.2.2
    # via
    #   -c requirements-win.lock
    #   wechatauto-replica
pyautogui==0.9.54
    # via
    #   -c requirements-win.lock
    #   wechatauto-replica
pycparser==3.0
    # via
    #   -c requirements-win.lock
    #   cffi
pygetwindow==0.0.9
    # via
    #   -c requirements-win.lock
    #   pyautogui
pygments==2.21.0
    # via
    #   -c requirements-win.lock
    #   pytest
pyinstaller==6.16.0
    # via wechat-local-archive (pyproject.toml)
pyinstaller-hooks-contrib==2025.9
    # via
    #   wechat-local-archive (pyproject.toml)
    #   pyinstaller
pymsgbox==2.0.1
    # via
    #   -c requirements-win.lock
    #   pyautogui
pyperclip==1.11.0
    # via
    #   -c requirements-win.lock
    #   mouseinfo
    #   wechatauto-replica
pyrect==0.2.0
    # via
    #   -c requirements-win.lock
    #   pygetwindow
pyscreeze==1.0.1
    # via
    #   -c requirements-win.lock
    #   pyautogui
pytest==8.4.2
    # via
    #   -c requirements-win.lock
    #   wechat-local-archive (pyproject.toml)
pytweening==1.2.0
    # via
    #   -c requirements-win.lock
    #   pyautogui
pywin32==312
    # via
    #   -c requirements-win.lock
    #   wechatauto-replica
pywin32-ctypes==0.2.3
    # via pyinstaller
pyyaml==6.0.3
    # via
    #   -c requirements-win.lock
    #   funasr-onnx
requests==2.34.2
    # via
    #   -c requirements-win.lock
    #   modelscope
    #   modelscope-hub
    #   pooch
scikit-learn==1.9.0
    # via
    #   -c requirements-win.lock
    #   librosa
scipy==1.17.1
    # via
    #   -c requirements-win.lock
    #   funasr-onnx
    #   librosa
    #   scikit-learn
sentencepiece==0.2.2
    # via
    #   -c requirements-win.lock
    #   funasr-onnx
setuptools==84.0.0
    # via
    #   -c requirements-win.lock
    #   modelscope
    #   pyinstaller
    #   pyinstaller-hooks-contrib
silk-python==0.2.8
    # via
    #   -c requirements-win.lock
    #   wechat-local-archive (pyproject.toml)
soundfile==0.14.0
    # via
    #   -c requirements-win.lock
    #   librosa
soxr==1.1.0
    # via
    #   -c requirements-win.lock
    #   librosa
threadpoolctl==3.6.0
    # via
    #   -c requirements-win.lock
    #   scikit-learn
tomlkit==0.15.1
    # via
    #   -c requirements-win.lock
    #   hatchling
tqdm==4.70.0
    # via
    #   -c requirements-win.lock
    #   modelscope
    #   modelscope-hub
trove-classifiers==2026.6.1.19
    # via
    #   -c requirements-win.lock
    #   hatchling
typing-extensions==4.16.0
    # via
    #   -c requirements-win.lock
    #   librosa
    #   soundfile
uiautomation==2.0.29
    # via
    #   -c requirements-win.lock
    #   wechatauto-replica
urllib3==2.7.0
    # via
    #   -c requirements-win.lock
    #   modelscope
    #   modelscope-hub
    #   requests
wechatauto-replica==1.2.0.3
    # via
    #   -c requirements-win.lock
    #   wechat-local-archive (pyproject.toml)
winsdk==1.0.0b10
    # via
    #   -c requirements-win.lock
    #   wechatauto-replica
zstandard==0.25.0
    # via
    #   -c requirements-win.lock
    #   wechatauto-replica
